
Microsoft Visual Studio Solution File, Format Version 12.00
# Visual Studio Version 16
VisualStudioVersion = 16.0.32228.343
MinimumVisualStudioVersion = 10.0.40219.1
Project("{FAE04EC0-301F-11D3-BF4B-00C04F79EFBC}") = "EmployeeWageProgram", "EmployeeWageProgram.csproj", "{133491CA-A824-4B60-B75F-6F61144B4ACC}"
EndProject
Global
	GlobalSection(SolutionConfigurationPlatforms) = preSolution
		Debug|Any CPU = Debug|Any CPU
		Release|Any CPU = Release|Any CPU
	EndGlobalSection
	GlobalSection(ProjectConfigurationPlatforms) = postSolution
		{133491CA-A824-4B60-B75F-6F61144B4ACC}.Debug|Any CPU.ActiveCfg = Debug|Any CPU
		{133491CA-A824-4B60-B75F-6F61144B4ACC}.Debug|Any CPU.Build.0 = Debug|Any CPU
		{133491CA-A824-4B60-B75F-6F61144B4ACC}.Release|Any CPU.ActiveCfg = Release|Any CPU
		{133491CA-A824-4B60-B75F-6F61144B4ACC}.Release|Any CPU.Build.0 = Release|Any CPU
	EndGlobalSection
	GlobalSection(SolutionProperties) = preSolution
		HideSolutionNode = FALSE
	EndGlobalSection
	GlobalSection(ExtensibilityGlobals) = postSolution
		SolutionGuid = {F77E1A2F-37F6-4146-B8E2-251D0D64F37D}
	EndGlobalSection
EndGlobal
